
Microsoft Visual Studio Solution File, Format Version 12.00
# Visual Studio 15
VisualStudioVersion = 15.0.28010.2026
MinimumVisualStudioVersion = 10.0.40219.1
Project("{8BC9CEB8-8B4A-11D0-8D11-00A0C91BC942}") = "chap 7", "chap 7\chap 7.vcxproj", "{B69AC822-C02F-4E0C-ADA1-C7E4739BAC60}"
EndProject
Project("{8BC9CEB8-8B4A-11D0-8D11-00A0C91BC942}") = "chap6", "..\chap6\chap6\chap6.vcxproj", "{1396E9C7-29A8-496D-8D5C-B3444906C6FB}"
EndProject
Project("{8BC9CEB8-8B4A-11D0-8D11-00A0C91BC942}") = "chap5", "..\chap5\chap5\chap5.vcxproj", "{1A26E9D5-53DA-4F38-9EB8-3B091A797815}"
EndProject
Project("{8BC9CEB8-8B4A-11D0-8D11-00A0C91BC942}") = "MFC", "..\MFC\MFC\MFC.vcxproj", "{736B8804-E882-4450-A37C-2687161D3E3D}"
EndProject
Project("{8BC9CEB8-8B4A-11D0-8D11-00A0C91BC942}") = "tcp", "..\tcp\tcp\tcp.vcxproj", "{C6567C1A-3D53-4AD8-97AE-179877D17930}"
EndProject
Project("{8BC9CEB8-8B4A-11D0-8D11-00A0C91BC942}") = "server", "..\server\server\server.vcxproj", "{DA8A0622-1418-4A3E-9D10-0D7B442E3D16}"
EndProject
Project("{8BC9CEB8-8B4A-11D0-8D11-00A0C91BC942}") = "chap8-1(GetDC)", "chap8\chap8.vcxproj", "{4F6DE5E9-E08D-412F-A5EE-68E6FC96974D}"
EndProject
Project("{8BC9CEB8-8B4A-11D0-8D11-00A0C91BC942}") = "chap6 Complex", "..\chap6 완성\chap6 완성\chap6 완성.vcxproj", "{E8F828E1-6775-4589-84BB-6CB30AC0E1F0}"
EndProject
Project("{8BC9CEB8-8B4A-11D0-8D11-00A0C91BC942}") = "chap 8-3", "chap 8-3\chap 8-3.vcxproj", "{A457E223-FD4C-4DAA-AE0C-21B514CCD5D2}"
EndProject
Project("{8BC9CEB8-8B4A-11D0-8D11-00A0C91BC942}") = "chap9", "chap9\chap9.vcxproj", "{76758B1F-2EA3-4084-81F0-9A5B8E7DE0FD}"
EndProject
Project("{8BC9CEB8-8B4A-11D0-8D11-00A0C91BC942}") = "chap10", "chap10\chap10.vcxproj", "{675FDDB7-82D9-456B-B1F0-60D3ECA3EB9B}"
EndProject
Global
	GlobalSection(SolutionConfigurationPlatforms) = preSolution
		Debug|x64 = Debug|x64
		Debug|x86 = Debug|x86
		Release|x64 = Release|x64
		Release|x86 = Release|x86
	EndGlobalSection
	GlobalSection(ProjectConfigurationPlatforms) = postSolution
		{B69AC822-C02F-4E0C-ADA1-C7E4739BAC60}.Debug|x64.ActiveCfg = Debug|x64
		{B69AC822-C02F-4E0C-ADA1-C7E4739BAC60}.Debug|x64.Build.0 = Debug|x64
		{B69AC822-C02F-4E0C-ADA1-C7E4739BAC60}.Debug|x86.ActiveCfg = Debug|Win32
		{B69AC822-C02F-4E0C-ADA1-C7E4739BAC60}.Debug|x86.Build.0 = Debug|Win32
		{B69AC822-C02F-4E0C-ADA1-C7E4739BAC60}.Release|x64.ActiveCfg = Release|x64
		{B69AC822-C02F-4E0C-ADA1-C7E4739BAC60}.Release|x64.Build.0 = Release|x64
		{B69AC822-C02F-4E0C-ADA1-C7E4739BAC60}.Release|x86.ActiveCfg = Release|Win32
		{B69AC822-C02F-4E0C-ADA1-C7E4739BAC60}.Release|x86.Build.0 = Release|Win32
		{1396E9C7-29A8-496D-8D5C-B3444906C6FB}.Debug|x64.ActiveCfg = Debug|x64
		{1396E9C7-29A8-496D-8D5C-B3444906C6FB}.Debug|x64.Build.0 = Debug|x64
		{1396E9C7-29A8-496D-8D5C-B3444906C6FB}.Debug|x86.ActiveCfg = Debug|Win32
		{1396E9C7-29A8-496D-8D5C-B3444906C6FB}.Debug|x86.Build.0 = Debug|Win32
		{1396E9C7-29A8-496D-8D5C-B3444906C6FB}.Release|x64.ActiveCfg = Release|x64
		{1396E9C7-29A8-496D-8D5C-B3444906C6FB}.Release|x64.Build.0 = Release|x64
		{1396E9C7-29A8-496D-8D5C-B3444906C6FB}.Release|x86.ActiveCfg = Release|Win32
		{1396E9C7-29A8-496D-8D5C-B3444906C6FB}.Release|x86.Build.0 = Release|Win32
		{1A26E9D5-53DA-4F38-9EB8-3B091A797815}.Debug|x64.ActiveCfg = Debug|x64
		{1A26E9D5-53DA-4F38-9EB8-3B091A797815}.Debug|x64.Build.0 = Debug|x64
		{1A26E9D5-53DA-4F38-9EB8-3B091A797815}.Debug|x86.ActiveCfg = Debug|Win32
		{1A26E9D5-53DA-4F38-9EB8-3B091A797815}.Debug|x86.Build.0 = Debug|Win32
		{1A26E9D5-53DA-4F38-9EB8-3B091A797815}.Release|x64.ActiveCfg = Release|x64
		{1A26E9D5-53DA-4F38-9EB8-3B091A797815}.Release|x64.Build.0 = Release|x64
		{1A26E9D5-53DA-4F38-9EB8-3B091A797815}.Release|x86.ActiveCfg = Release|Win32
		{1A26E9D5-53DA-4F38-9EB8-3B091A797815}.Release|x86.Build.0 = Release|Win32
		{736B8804-E882-4450-A37C-2687161D3E3D}.Debug|x64.ActiveCfg = Debug|x64
		{736B8804-E882-4450-A37C-2687161D3E3D}.Debug|x64.Build.0 = Debug|x64
		{736B8804-E882-4450-A37C-2687161D3E3D}.Debug|x86.ActiveCfg = Debug|Win32
		{736B8804-E882-4450-A37C-2687161D3E3D}.Debug|x86.Build.0 = Debug|Win32
		{736B8804-E882-4450-A37C-2687161D3E3D}.Release|x64.ActiveCfg = Release|x64
		{736B8804-E882-4450-A37C-2687161D3E3D}.Release|x64.Build.0 = Release|x64
		{736B8804-E882-4450-A37C-2687161D3E3D}.Release|x86.ActiveCfg = Release|Win32
		{736B8804-E882-4450-A37C-2687161D3E3D}.Release|x86.Build.0 = Release|Win32
		{C6567C1A-3D53-4AD8-97AE-179877D17930}.Debug|x64.ActiveCfg = Debug|x64
		{C6567C1A-3D53-4AD8-97AE-179877D17930}.Debug|x64.Build.0 = Debug|x64
		{C6567C1A-3D53-4AD8-97AE-179877D17930}.Debug|x86.ActiveCfg = Debug|Win32
		{C6567C1A-3D53-4AD8-97AE-179877D17930}.Debug|x86.Build.0 = Debug|Win32
		{C6567C1A-3D53-4AD8-97AE-179877D17930}.Release|x64.ActiveCfg = Release|x64
		{C6567C1A-3D53-4AD8-97AE-179877D17930}.Release|x64.Build.0 = Release|x64
		{C6567C1A-3D53-4AD8-97AE-179877D17930}.Release|x86.ActiveCfg = Release|Win32
		{C6567C1A-3D53-4AD8-97AE-179877D17930}.Release|x86.Build.0 = Release|Win32
		{DA8A0622-1418-4A3E-9D10-0D7B442E3D16}.Debug|x64.ActiveCfg = Debug|x64
		{DA8A0622-1418-4A3E-9D10-0D7B442E3D16}.Debug|x64.Build.0 = Debug|x64
		{DA8A0622-1418-4A3E-9D10-0D7B442E3D16}.Debug|x86.ActiveCfg = Debug|Win32
		{DA8A0622-1418-4A3E-9D10-0D7B442E3D16}.Debug|x86.Build.0 = Debug|Win32
		{DA8A0622-1418-4A3E-9D10-0D7B442E3D16}.Release|x64.ActiveCfg = Release|x64
		{DA8A0622-1418-4A3E-9D10-0D7B442E3D16}.Release|x64.Build.0 = Release|x64
		{DA8A0622-1418-4A3E-9D10-0D7B442E3D16}.Release|x86.ActiveCfg = Release|Win32
		{DA8A0622-1418-4A3E-9D10-0D7B442E3D16}.Release|x86.Build.0 = Release|Win32
		{4F6DE5E9-E08D-412F-A5EE-68E6FC96974D}.Debug|x64.ActiveCfg = Debug|x64
		{4F6DE5E9-E08D-412F-A5EE-68E6FC96974D}.Debug|x64.Build.0 = Debug|x64
		{4F6DE5E9-E08D-412F-A5EE-68E6FC96974D}.Debug|x86.ActiveCfg = Debug|Win32
		{4F6DE5E9-E08D-412F-A5EE-68E6FC96974D}.Debug|x86.Build.0 = Debug|Win32
		{4F6DE5E9-E08D-412F-A5EE-68E6FC96974D}.Release|x64.ActiveCfg = Release|x64
		{4F6DE5E9-E08D-412F-A5EE-68E6FC96974D}.Release|x64.Build.0 = Release|x64
		{4F6DE5E9-E08D-412F-A5EE-68E6FC96974D}.Release|x86.ActiveCfg = Release|Win32
		{4F6DE5E9-E08D-412F-A5EE-68E6FC96974D}.Release|x86.Build.0 = Release|Win32
		{E8F828E1-6775-4589-84BB-6CB30AC0E1F0}.Debug|x64.ActiveCfg = Debug|x64
		{E8F828E1-6775-4589-84BB-6CB30AC0E1F0}.Debug|x64.Build.0 = Debug|x64
		{E8F828E1-6775-4589-84BB-6CB30AC0E1F0}.Debug|x86.ActiveCfg = Debug|Win32
		{E8F828E1-6775-4589-84BB-6CB30AC0E1F0}.Debug|x86.Build.0 = Debug|Win32
		{E8F828E1-6775-4589-84BB-6CB30AC0E1F0}.Release|x64.ActiveCfg = Release|x64
		{E8F828E1-6775-4589-84BB-6CB30AC0E1F0}.Release|x64.Build.0 = Release|x64
		{E8F828E1-6775-4589-84BB-6CB30AC0E1F0}.Release|x86.ActiveCfg = Release|Win32
		{E8F828E1-6775-4589-84BB-6CB30AC0E1F0}.Release|x86.Build.0 = Release|Win32
		{A457E223-FD4C-4DAA-AE0C-21B514CCD5D2}.Debug|x64.ActiveCfg = Debug|x64
		{A457E223-FD4C-4DAA-AE0C-21B514CCD5D2}.Debug|x64.Build.0 = Debug|x64
		{A457E223-FD4C-4DAA-AE0C-21B514CCD5D2}.Debug|x86.ActiveCfg = Debug|Win32
		{A457E223-FD4C-4DAA-AE0C-21B514CCD5D2}.Debug|x86.Build.0 = Debug|Win32
		{A457E223-FD4C-4DAA-AE0C-21B514CCD5D2}.Release|x64.ActiveCfg = Release|x64
		{A457E223-FD4C-4DAA-AE0C-21B514CCD5D2}.Release|x64.Build.0 = Release|x64
		{A457E223-FD4C-4DAA-AE0C-21B514CCD5D2}.Release|x86.ActiveCfg = Release|Win32
		{A457E223-FD4C-4DAA-AE0C-21B514CCD5D2}.Release|x86.Build.0 = Release|Win32
		{76758B1F-2EA3-4084-81F0-9A5B8E7DE0FD}.Debug|x64.ActiveCfg = Debug|x64
		{76758B1F-2EA3-4084-81F0-9A5B8E7DE0FD}.Debug|x64.Build.0 = Debug|x64
		{76758B1F-2EA3-4084-81F0-9A5B8E7DE0FD}.Debug|x86.ActiveCfg = Debug|Win32
		{76758B1F-2EA3-4084-81F0-9A5B8E7DE0FD}.Debug|x86.Build.0 = Debug|Win32
		{76758B1F-2EA3-4084-81F0-9A5B8E7DE0FD}.Release|x64.ActiveCfg = Release|x64
		{76758B1F-2EA3-4084-81F0-9A5B8E7DE0FD}.Release|x64.Build.0 = Release|x64
		{76758B1F-2EA3-4084-81F0-9A5B8E7DE0FD}.Release|x86.ActiveCfg = Release|Win32
		{76758B1F-2EA3-4084-81F0-9A5B8E7DE0FD}.Release|x86.Build.0 = Release|Win32
		{675FDDB7-82D9-456B-B1F0-60D3ECA3EB9B}.Debug|x64.ActiveCfg = Debug|x64
		{675FDDB7-82D9-456B-B1F0-60D3ECA3EB9B}.Debug|x64.Build.0 = Debug|x64
		{675FDDB7-82D9-456B-B1F0-60D3ECA3EB9B}.Debug|x86.ActiveCfg = Debug|Win32
		{675FDDB7-82D9-456B-B1F0-60D3ECA3EB9B}.Debug|x86.Build.0 = Debug|Win32
		{675FDDB7-82D9-456B-B1F0-60D3ECA3EB9B}.Release|x64.ActiveCfg = Release|x64
		{675FDDB7-82D9-456B-B1F0-60D3ECA3EB9B}.Release|x64.Build.0 = Release|x64
		{675FDDB7-82D9-456B-B1F0-60D3ECA3EB9B}.Release|x86.ActiveCfg = Release|Win32
		{675FDDB7-82D9-456B-B1F0-60D3ECA3EB9B}.Release|x86.Build.0 = Release|Win32
	EndGlobalSection
	GlobalSection(SolutionProperties) = preSolution
		HideSolutionNode = FALSE
	EndGlobalSection
	GlobalSection(ExtensibilityGlobals) = postSolution
		SolutionGuid = {9F0DD607-B17A-467D-A4EB-B07B2701521D}
	EndGlobalSection
EndGlobal
